// !$*UTF8*$!
{
	archiveVersion = 1;
	classes = {
	};
	objectVersion = 46;
	objects = {

/* Begin PBXAggregateTarget section */
		1835D58819E719410000FA86 /* Framework */ = {
			isa = PBXAggregateTarget;
			buildConfigurationList = 1835D58919E719410000FA86 /* Build configuration list for PBXAggregateTarget "Framework" */;
			buildPhases = (
				1835D58E19E719650000FA86 /* MultiPlatform Build */,
			);
			dependencies = (
				1835D58D19E7194D0000FA86 /* PBXTargetDependency */,
			);
			name = Framework;
			productName = Framework;
		};
		184150C019EF029800BCB541 /* Documentation */ = {
			isa = PBXAggregateTarget;
			buildConfigurationList = 184150C319EF029800BCB541 /* Build configuration list for PBXAggregateTarget "Documentation" */;
			buildPhases = (
				184150C419EF02B200BCB541 /* ShellScript */,
			);
			dependencies = (
			);
			name = Documentation;
			productName = Documentation;
		};
/* End PBXAggregateTarget section */

/* Begin PBXBuildFile section */
		1836324E18AE9586000BCC35 /* UtilHelper.m in Sources */ = {isa = PBXBuildFile; fileRef = 183631F718AE9586000BCC35 /* UtilHelper.m */; };
		1837E84D18AE870900225DC5 /* Foundation.framework in Frameworks */ = {isa = PBXBuildFile; fileRef = 1837E84C18AE870900225DC5 /* Foundation.framework */; };
		1837E87318AE87CF00225DC5 /* UIKit.framework in Frameworks */ = {isa = PBXBuildFile; fileRef = 1837E87218AE87CF00225DC5 /* UIKit.framework */; };
		183AA78E199BDA1F0033B4BD /* NSDictionary+ObjectForKeyOverride.m in Sources */ = {isa = PBXBuildFile; fileRef = 183AA78D199BDA1F0033B4BD /* NSDictionary+ObjectForKeyOverride.m */; };
		183AA79D199BEB730033B4BD /* NSObject+Util.m in Sources */ = {isa = PBXBuildFile; fileRef = 183AA79C199BEB730033B4BD /* NSObject+Util.m */; };
		183AA7DE199C26B20033B4BD /* UIDevice+Hardware.m in Sources */ = {isa = PBXBuildFile; fileRef = 183AA7DD199C26B20033B4BD /* UIDevice+Hardware.m */; };
		183F47EB1AA79D5500A925F1 /* NSDate+Compare.h in Headers */ = {isa = PBXBuildFile; fileRef = 183F47E81AA79D5500A925F1 /* NSDate+Compare.h */; settings = {ATTRIBUTES = (Public, ); }; };
		183F47EC1AA79D5500A925F1 /* NSDate+Compare.m in Sources */ = {isa = PBXBuildFile; fileRef = 183F47E91AA79D5500A925F1 /* NSDate+Compare.m */; };
		18535D9618AE9B4700A74A66 /* MBProgressHUD.m in Sources */ = {isa = PBXBuildFile; fileRef = 18535D9518AE9B4700A74A66 /* MBProgressHUD.m */; };
		18535DAF18AEA5D500A74A66 /* NSData+CommonCrypto.m in Sources */ = {isa = PBXBuildFile; fileRef = 18535DA618AEA5D500A74A66 /* NSData+CommonCrypto.m */; settings = {COMPILER_FLAGS = "-fno-objc-arc"; }; };
		18535DB118AEA5D500A74A66 /* NSData+Base64.m in Sources */ = {isa = PBXBuildFile; fileRef = 18535DA818AEA5D500A74A66 /* NSData+Base64.m */; settings = {COMPILER_FLAGS = "-fno-objc-arc"; }; };
		18535DB318AEA5D500A74A66 /* UIImage+Utilities.m in Sources */ = {isa = PBXBuildFile; fileRef = 18535DAB18AEA5D500A74A66 /* UIImage+Utilities.m */; };
		186042E319E73B6000323BB8 /* HelperLibrary.h in Headers */ = {isa = PBXBuildFile; fileRef = 186042DF19E736AF00323BB8 /* HelperLibrary.h */; settings = {ATTRIBUTES = (Public, ); }; };
		186042E419E73B6800323BB8 /* UtilHelper.h in Headers */ = {isa = PBXBuildFile; fileRef = 183631F618AE9586000BCC35 /* UtilHelper.h */; settings = {ATTRIBUTES = (Public, ); }; };
		186042ED19E73FDB00323BB8 /* FMDB.h in Headers */ = {isa = PBXBuildFile; fileRef = 18F8960C199EC9ED00A6B4E6 /* FMDB.h */; settings = {ATTRIBUTES = (Public, ); }; };
		186042EE19E73FEF00323BB8 /* FMDatabase.h in Headers */ = {isa = PBXBuildFile; fileRef = 18F89604199EC9ED00A6B4E6 /* FMDatabase.h */; settings = {ATTRIBUTES = (Public, ); }; };
		186042EF19E73FEF00323BB8 /* FMDatabaseAdditions.h in Headers */ = {isa = PBXBuildFile; fileRef = 18F89606199EC9ED00A6B4E6 /* FMDatabaseAdditions.h */; settings = {ATTRIBUTES = (Public, ); }; };
		186042F019E73FEF00323BB8 /* FMDatabasePool.h in Headers */ = {isa = PBXBuildFile; fileRef = 18F89608199EC9ED00A6B4E6 /* FMDatabasePool.h */; settings = {ATTRIBUTES = (Public, ); }; };
		186042F119E73FEF00323BB8 /* FMDatabaseQueue.h in Headers */ = {isa = PBXBuildFile; fileRef = 18F8960A199EC9ED00A6B4E6 /* FMDatabaseQueue.h */; settings = {ATTRIBUTES = (Public, ); }; };
		186042F219E73FEF00323BB8 /* FMResultSet.h in Headers */ = {isa = PBXBuildFile; fileRef = 18F8960D199EC9ED00A6B4E6 /* FMResultSet.h */; settings = {ATTRIBUTES = (Public, ); }; };
		186042F319E73FFB00323BB8 /* DBBase.h in Headers */ = {isa = PBXBuildFile; fileRef = 18F895FD199EC9CB00A6B4E6 /* DBBase.h */; settings = {ATTRIBUTES = (Public, ); }; };
		186042F419E73FFB00323BB8 /* DBConfigDefault.h in Headers */ = {isa = PBXBuildFile; fileRef = 18F895FF199EC9CB00A6B4E6 /* DBConfigDefault.h */; settings = {ATTRIBUTES = (Public, ); }; };
		186042F719E740ED00323BB8 /* MBProgressHUD.h in Headers */ = {isa = PBXBuildFile; fileRef = 18535D9418AE9B4700A74A66 /* MBProgressHUD.h */; settings = {ATTRIBUTES = (Public, ); }; };
		186042F819E7414100323BB8 /* NSObject+Util.h in Headers */ = {isa = PBXBuildFile; fileRef = 183AA79B199BEB730033B4BD /* NSObject+Util.h */; settings = {ATTRIBUTES = (Public, ); }; };
		186042F919E7414E00323BB8 /* NSDictionary+ObjectForKeyOverride.h in Headers */ = {isa = PBXBuildFile; fileRef = 183AA78C199BDA1F0033B4BD /* NSDictionary+ObjectForKeyOverride.h */; settings = {ATTRIBUTES = (Public, ); }; };
		186042FA19E7416600323BB8 /* UIView+Util.h in Headers */ = {isa = PBXBuildFile; fileRef = 18FF39F619942F29000100F3 /* UIView+Util.h */; settings = {ATTRIBUTES = (Public, ); }; };
		186042FB19E741A000323BB8 /* UIDevice+Hardware.h in Headers */ = {isa = PBXBuildFile; fileRef = 183AA7DC199C26B20033B4BD /* UIDevice+Hardware.h */; settings = {ATTRIBUTES = (Public, ); }; };
		186042FD19E741FE00323BB8 /* NSData+CommonCrypto.h in Headers */ = {isa = PBXBuildFile; fileRef = 18535DA518AEA5D500A74A66 /* NSData+CommonCrypto.h */; settings = {ATTRIBUTES = (Public, ); }; };
		186042FE19E741FE00323BB8 /* NSData+Base64.h in Headers */ = {isa = PBXBuildFile; fileRef = 18535DA718AEA5D500A74A66 /* NSData+Base64.h */; settings = {ATTRIBUTES = (Public, ); }; };
		1860430119E7420B00323BB8 /* UIImage+Utilities.h in Headers */ = {isa = PBXBuildFile; fileRef = 18535DAA18AEA5D500A74A66 /* UIImage+Utilities.h */; settings = {ATTRIBUTES = (Public, ); }; };
		1860431F19E7439900323BB8 /* InAppPurchaseManager.h in Headers */ = {isa = PBXBuildFile; fileRef = 1862DE4D1989E92F006913F9 /* InAppPurchaseManager.h */; settings = {ATTRIBUTES = (Public, ); }; };
		1860432219E743C300323BB8 /* UIAlertView+CompleteBlock.h in Headers */ = {isa = PBXBuildFile; fileRef = 186DA3C119A24A6800BDC1EE /* UIAlertView+CompleteBlock.h */; settings = {ATTRIBUTES = (Public, ); }; };
		1862DE4F1989E92F006913F9 /* InAppPurchaseManager.m in Sources */ = {isa = PBXBuildFile; fileRef = 1862DE4E1989E92F006913F9 /* InAppPurchaseManager.m */; };
		186DA3C319A24A6800BDC1EE /* UIAlertView+CompleteBlock.m in Sources */ = {isa = PBXBuildFile; fileRef = 186DA3C219A24A6800BDC1EE /* UIAlertView+CompleteBlock.m */; };
		186FAA6A18AEACBA00B6FC26 /* SystemConfiguration.framework in Frameworks */ = {isa = PBXBuildFile; fileRef = 186FAA6918AEACBA00B6FC26 /* SystemConfiguration.framework */; };
		186FAA6C18AEACC800B6FC26 /* CFNetwork.framework in Frameworks */ = {isa = PBXBuildFile; fileRef = 186FAA6B18AEACC800B6FC26 /* CFNetwork.framework */; };
		188D0F7219E72C9E0081B713 /* TCCustomFont.m in Sources */ = {isa = PBXBuildFile; fileRef = 18B2ECC918BBD0E500C5AC34 /* TCCustomFont.m */; };
		18D176FD1C07914F00339EB9 /* Localizable.strings in Copy Files */ = {isa = PBXBuildFile; fileRef = 18D176FB1C07905900339EB9 /* Localizable.strings */; };
		18DF7BBC19F5497600DB86F9 /* Reachability.h in Headers */ = {isa = PBXBuildFile; fileRef = 18DF7BBA19F5497600DB86F9 /* Reachability.h */; settings = {ATTRIBUTES = (Public, ); }; };
		18DF7BBD19F5497600DB86F9 /* Reachability.m in Sources */ = {isa = PBXBuildFile; fileRef = 18DF7BBB19F5497600DB86F9 /* Reachability.m */; };
		18DF7BC319F56C4400DB86F9 /* DownloadManager.h in Headers */ = {isa = PBXBuildFile; fileRef = 18DF7BC119F56C4400DB86F9 /* DownloadManager.h */; settings = {ATTRIBUTES = (Public, ); }; };
		18DF7BC419F56C4400DB86F9 /* DownloadManager.m in Sources */ = {isa = PBXBuildFile; fileRef = 18DF7BC219F56C4400DB86F9 /* DownloadManager.m */; };
		18F89601199EC9CB00A6B4E6 /* DBBase.m in Sources */ = {isa = PBXBuildFile; fileRef = 18F895FE199EC9CB00A6B4E6 /* DBBase.m */; };
		18F89602199EC9CB00A6B4E6 /* DBConfigDefault.m in Sources */ = {isa = PBXBuildFile; fileRef = 18F89600199EC9CB00A6B4E6 /* DBConfigDefault.m */; };
		18F8960F199EC9ED00A6B4E6 /* FMDatabase.m in Sources */ = {isa = PBXBuildFile; fileRef = 18F89605199EC9ED00A6B4E6 /* FMDatabase.m */; };
		18F89611199EC9ED00A6B4E6 /* FMDatabaseAdditions.m in Sources */ = {isa = PBXBuildFile; fileRef = 18F89607199EC9ED00A6B4E6 /* FMDatabaseAdditions.m */; };
		18F89613199EC9ED00A6B4E6 /* FMDatabasePool.m in Sources */ = {isa = PBXBuildFile; fileRef = 18F89609199EC9ED00A6B4E6 /* FMDatabasePool.m */; };
		18F89615199EC9ED00A6B4E6 /* FMDatabaseQueue.m in Sources */ = {isa = PBXBuildFile; fileRef = 18F8960B199EC9ED00A6B4E6 /* FMDatabaseQueue.m */; };
		18F89617199EC9ED00A6B4E6 /* FMResultSet.m in Sources */ = {isa = PBXBuildFile; fileRef = 18F8960E199EC9ED00A6B4E6 /* FMResultSet.m */; };
		18FF39F819942F29000100F3 /* UIView+Util.m in Sources */ = {isa = PBXBuildFile; fileRef = 18FF39F719942F29000100F3 /* UIView+Util.m */; };
/* End PBXBuildFile section */

/* Begin PBXContainerItemProxy section */
		1835D58C19E7194D0000FA86 /* PBXContainerItemProxy */ = {
			isa = PBXContainerItemProxy;
			containerPortal = 1837E84118AE870900225DC5 /* Project object */;
			proxyType = 1;
			remoteGlobalIDString = 1837E84818AE870900225DC5;
			remoteInfo = HelperLibrary;
		};
/* End PBXContainerItemProxy section */

/* Begin PBXCopyFilesBuildPhase section */
		1837E84718AE870900225DC5 /* Copy Files */ = {
			isa = PBXCopyFilesBuildPhase;
			buildActionMask = 12;
			dstPath = "include/$(PRODUCT_NAME)";
			dstSubfolderSpec = 16;
			files = (
				18D176FD1C07914F00339EB9 /* Localizable.strings in Copy Files */,
			);
			name = "Copy Files";
			runOnlyForDeploymentPostprocessing = 0;
		};
/* End PBXCopyFilesBuildPhase section */

/* Begin PBXFileReference section */
		183631F618AE9586000BCC35 /* UtilHelper.h */ = {isa = PBXFileReference; fileEncoding = 4; lastKnownFileType = sourcecode.c.h; path = UtilHelper.h; sourceTree = "<group>"; };
		183631F718AE9586000BCC35 /* UtilHelper.m */ = {isa = PBXFileReference; fileEncoding = 4; lastKnownFileType = sourcecode.c.objc; path = UtilHelper.m; sourceTree = "<group>"; };
		1837E84918AE870900225DC5 /* libHelperLibrary.a */ = {isa = PBXFileReference; explicitFileType = archive.ar; includeInIndex = 0; path = libHelperLibrary.a; sourceTree = BUILT_PRODUCTS_DIR; };
		1837E84C18AE870900225DC5 /* Foundation.framework */ = {isa = PBXFileReference; lastKnownFileType = wrapper.framework; name = Foundation.framework; path = System/Library/Frameworks/Foundation.framework; sourceTree = SDKROOT; };
		1837E85018AE870900225DC5 /* HelperLibrary-Prefix.pch */ = {isa = PBXFileReference; lastKnownFileType = sourcecode.c.h; path = "HelperLibrary-Prefix.pch"; sourceTree = "<group>"; };
		1837E85A18AE870900225DC5 /* XCTest.framework */ = {isa = PBXFileReference; lastKnownFileType = wrapper.framework; name = XCTest.framework; path = Library/Frameworks/XCTest.framework; sourceTree = DEVELOPER_DIR; };
		1837E87218AE87CF00225DC5 /* UIKit.framework */ = {isa = PBXFileReference; lastKnownFileType = wrapper.framework; name = UIKit.framework; path = System/Library/Frameworks/UIKit.framework; sourceTree = SDKROOT; };
		183AA78C199BDA1F0033B4BD /* NSDictionary+ObjectForKeyOverride.h */ = {isa = PBXFileReference; fileEncoding = 4; lastKnownFileType = sourcecode.c.h; path = "NSDictionary+ObjectForKeyOverride.h"; sourceTree = "<group>"; };
		183AA78D199BDA1F0033B4BD /* NSDictionary+ObjectForKeyOverride.m */ = {isa = PBXFileReference; fileEncoding = 4; lastKnownFileType = sourcecode.c.objc; path = "NSDictionary+ObjectForKeyOverride.m"; sourceTree = "<group>"; };
		183AA79B199BEB730033B4BD /* NSObject+Util.h */ = {isa = PBXFileReference; fileEncoding = 4; lastKnownFileType = sourcecode.c.h; path = "NSObject+Util.h"; sourceTree = "<group>"; };
		183AA79C199BEB730033B4BD /* NSObject+Util.m */ = {isa = PBXFileReference; fileEncoding = 4; lastKnownFileType = sourcecode.c.objc; path = "NSObject+Util.m"; sourceTree = "<group>"; };
		183AA7DC199C26B20033B4BD /* UIDevice+Hardware.h */ = {isa = PBXFileReference; fileEncoding = 4; lastKnownFileType = sourcecode.c.h; path = "UIDevice+Hardware.h"; sourceTree = "<group>"; };
		183AA7DD199C26B20033B4BD /* UIDevice+Hardware.m */ = {isa = PBXFileReference; fileEncoding = 4; lastKnownFileType = sourcecode.c.objc; path = "UIDevice+Hardware.m"; sourceTree = "<group>"; };
		183F47E81AA79D5500A925F1 /* NSDate+Compare.h */ = {isa = PBXFileReference; fileEncoding = 4; lastKnownFileType = sourcecode.c.h; path = "NSDate+Compare.h"; sourceTree = "<group>"; };
		183F47E91AA79D5500A925F1 /* NSDate+Compare.m */ = {isa = PBXFileReference; fileEncoding = 4; lastKnownFileType = sourcecode.c.objc; path = "NSDate+Compare.m"; sourceTree = "<group>"; };
		18535D9418AE9B4700A74A66 /* MBProgressHUD.h */ = {isa = PBXFileReference; fileEncoding = 4; lastKnownFileType = sourcecode.c.h; path = MBProgressHUD.h; sourceTree = "<group>"; };
		18535D9518AE9B4700A74A66 /* MBProgressHUD.m */ = {isa = PBXFileReference; fileEncoding = 4; lastKnownFileType = sourcecode.c.objc; path = MBProgressHUD.m; sourceTree = "<group>"; };
		18535DA518AEA5D500A74A66 /* NSData+CommonCrypto.h */ = {isa = PBXFileReference; fileEncoding = 4; lastKnownFileType = sourcecode.c.h; path = "NSData+CommonCrypto.h"; sourceTree = "<group>"; };
		18535DA618AEA5D500A74A66 /* NSData+CommonCrypto.m */ = {isa = PBXFileReference; fileEncoding = 4; lastKnownFileType = sourcecode.c.objc; path = "NSData+CommonCrypto.m"; sourceTree = "<group>"; };
		18535DA718AEA5D500A74A66 /* NSData+Base64.h */ = {isa = PBXFileReference; fileEncoding = 4; lastKnownFileType = sourcecode.c.h; path = "NSData+Base64.h"; sourceTree = "<group>"; };
		18535DA818AEA5D500A74A66 /* NSData+Base64.m */ = {isa = PBXFileReference; fileEncoding = 4; lastKnownFileType = sourcecode.c.objc; path = "NSData+Base64.m"; sourceTree = "<group>"; };
		18535DAA18AEA5D500A74A66 /* UIImage+Utilities.h */ = {isa = PBXFileReference; fileEncoding = 4; lastKnownFileType = sourcecode.c.h; path = "UIImage+Utilities.h"; sourceTree = "<group>"; };
		18535DAB18AEA5D500A74A66 /* UIImage+Utilities.m */ = {isa = PBXFileReference; fileEncoding = 4; lastKnownFileType = sourcecode.c.objc; path = "UIImage+Utilities.m"; sourceTree = "<group>"; };
		186042DF19E736AF00323BB8 /* HelperLibrary.h */ = {isa = PBXFileReference; lastKnownFileType = sourcecode.c.h; path = HelperLibrary.h; sourceTree = "<group>"; };
		1862DE4D1989E92F006913F9 /* InAppPurchaseManager.h */ = {isa = PBXFileReference; fileEncoding = 4; lastKnownFileType = sourcecode.c.h; path = InAppPurchaseManager.h; sourceTree = "<group>"; };
		1862DE4E1989E92F006913F9 /* InAppPurchaseManager.m */ = {isa = PBXFileReference; fileEncoding = 4; lastKnownFileType = sourcecode.c.objc; path = InAppPurchaseManager.m; sourceTree = "<group>"; };
		186DA3C119A24A6800BDC1EE /* UIAlertView+CompleteBlock.h */ = {isa = PBXFileReference; fileEncoding = 4; lastKnownFileType = sourcecode.c.h; path = "UIAlertView+CompleteBlock.h"; sourceTree = "<group>"; };
		186DA3C219A24A6800BDC1EE /* UIAlertView+CompleteBlock.m */ = {isa = PBXFileReference; fileEncoding = 4; lastKnownFileType = sourcecode.c.objc; path = "UIAlertView+CompleteBlock.m"; sourceTree = "<group>"; };
		186FAA6918AEACBA00B6FC26 /* SystemConfiguration.framework */ = {isa = PBXFileReference; lastKnownFileType = wrapper.framework; name = SystemConfiguration.framework; path = System/Library/Frameworks/SystemConfiguration.framework; sourceTree = SDKROOT; };
		186FAA6B18AEACC800B6FC26 /* CFNetwork.framework */ = {isa = PBXFileReference; lastKnownFileType = wrapper.framework; name = CFNetwork.framework; path = System/Library/Frameworks/CFNetwork.framework; sourceTree = SDKROOT; };
		18B2ECC918BBD0E500C5AC34 /* TCCustomFont.m */ = {isa = PBXFileReference; fileEncoding = 4; lastKnownFileType = sourcecode.c.objc; path = TCCustomFont.m; sourceTree = "<group>"; };
		18D176FA1C07905900339EB9 /* en */ = {isa = PBXFileReference; lastKnownFileType = text.plist.strings; name = en; path = en.lproj/Localizable.strings; sourceTree = "<group>"; };
		18D176FC1C07905A00339EB9 /* pt */ = {isa = PBXFileReference; lastKnownFileType = text.plist.strings; name = pt; path = pt.lproj/Localizable.strings; sourceTree = "<group>"; };
		18DF7BBA19F5497600DB86F9 /* Reachability.h */ = {isa = PBXFileReference; fileEncoding = 4; lastKnownFileType = sourcecode.c.h; path = Reachability.h; sourceTree = "<group>"; };
		18DF7BBB19F5497600DB86F9 /* Reachability.m */ = {isa = PBXFileReference; fileEncoding = 4; lastKnownFileType = sourcecode.c.objc; path = Reachability.m; sourceTree = "<group>"; };
		18DF7BC119F56C4400DB86F9 /* DownloadManager.h */ = {isa = PBXFileReference; fileEncoding = 4; lastKnownFileType = sourcecode.c.h; path = DownloadManager.h; sourceTree = "<group>"; };
		18DF7BC219F56C4400DB86F9 /* DownloadManager.m */ = {isa = PBXFileReference; fileEncoding = 4; lastKnownFileType = sourcecode.c.objc; path = DownloadManager.m; sourceTree = "<group>"; };
		18F895FD199EC9CB00A6B4E6 /* DBBase.h */ = {isa = PBXFileReference; fileEncoding = 4; lastKnownFileType = sourcecode.c.h; path = DBBase.h; sourceTree = "<group>"; };
		18F895FE199EC9CB00A6B4E6 /* DBBase.m */ = {isa = PBXFileReference; fileEncoding = 4; lastKnownFileType = sourcecode.c.objc; path = DBBase.m; sourceTree = "<group>"; };
		18F895FF199EC9CB00A6B4E6 /* DBConfigDefault.h */ = {isa = PBXFileReference; fileEncoding = 4; lastKnownFileType = sourcecode.c.h; path = DBConfigDefault.h; sourceTree = "<group>"; };
		18F89600199EC9CB00A6B4E6 /* DBConfigDefault.m */ = {isa = PBXFileReference; fileEncoding = 4; lastKnownFileType = sourcecode.c.objc; path = DBConfigDefault.m; sourceTree = "<group>"; };
		18F89604199EC9ED00A6B4E6 /* FMDatabase.h */ = {isa = PBXFileReference; fileEncoding = 4; lastKnownFileType = sourcecode.c.h; path = FMDatabase.h; sourceTree = "<group>"; };
		18F89605199EC9ED00A6B4E6 /* FMDatabase.m */ = {isa = PBXFileReference; fileEncoding = 4; lastKnownFileType = sourcecode.c.objc; path = FMDatabase.m; sourceTree = "<group>"; };
		18F89606199EC9ED00A6B4E6 /* FMDatabaseAdditions.h */ = {isa = PBXFileReference; fileEncoding = 4; lastKnownFileType = sourcecode.c.h; path = FMDatabaseAdditions.h; sourceTree = "<group>"; };
		18F89607199EC9ED00A6B4E6 /* FMDatabaseAdditions.m */ = {isa = PBXFileReference; fileEncoding = 4; lastKnownFileType = sourcecode.c.objc; path = FMDatabaseAdditions.m; sourceTree = "<group>"; };
		18F89608199EC9ED00A6B4E6 /* FMDatabasePool.h */ = {isa = PBXFileReference; fileEncoding = 4; lastKnownFileType = sourcecode.c.h; path = FMDatabasePool.h; sourceTree = "<group>"; };
		18F89609199EC9ED00A6B4E6 /* FMDatabasePool.m */ = {isa = PBXFileReference; fileEncoding = 4; lastKnownFileType = sourcecode.c.objc; path = FMDatabasePool.m; sourceTree = "<group>"; };
		18F8960A199EC9ED00A6B4E6 /* FMDatabaseQueue.h */ = {isa = PBXFileReference; fileEncoding = 4; lastKnownFileType = sourcecode.c.h; path = FMDatabaseQueue.h; sourceTree = "<group>"; };
		18F8960B199EC9ED00A6B4E6 /* FMDatabaseQueue.m */ = {isa = PBXFileReference; fileEncoding = 4; lastKnownFileType = sourcecode.c.objc; path = FMDatabaseQueue.m; sourceTree = "<group>"; };
		18F8960C199EC9ED00A6B4E6 /* FMDB.h */ = {isa = PBXFileReference; fileEncoding = 4; lastKnownFileType = sourcecode.c.h; path = FMDB.h; sourceTree = "<group>"; };
		18F8960D199EC9ED00A6B4E6 /* FMResultSet.h */ = {isa = PBXFileReference; fileEncoding = 4; lastKnownFileType = sourcecode.c.h; path = FMResultSet.h; sourceTree = "<group>"; };
		18F8960E199EC9ED00A6B4E6 /* FMResultSet.m */ = {isa = PBXFileReference; fileEncoding = 4; lastKnownFileType = sourcecode.c.objc; path = FMResultSet.m; sourceTree = "<group>"; };
		18FF39F619942F29000100F3 /* UIView+Util.h */ = {isa = PBXFileReference; fileEncoding = 4; lastKnownFileType = sourcecode.c.h; path = "UIView+Util.h"; sourceTree = "<group>"; };
		18FF39F719942F29000100F3 /* UIView+Util.m */ = {isa = PBXFileReference; fileEncoding = 4; lastKnownFileType = sourcecode.c.objc; path = "UIView+Util.m"; sourceTree = "<group>"; };
/* End PBXFileReference section */

/* Begin PBXFrameworksBuildPhase section */
		1837E84618AE870900225DC5 /* Frameworks */ = {
			isa = PBXFrameworksBuildPhase;
			buildActionMask = 2147483647;
			files = (
				186FAA6C18AEACC800B6FC26 /* CFNetwork.framework in Frameworks */,
				186FAA6A18AEACBA00B6FC26 /* SystemConfiguration.framework in Frameworks */,
				1837E87318AE87CF00225DC5 /* UIKit.framework in Frameworks */,
				1837E84D18AE870900225DC5 /* Foundation.framework in Frameworks */,
			);
			runOnlyForDeploymentPostprocessing = 0;
		};
/* End PBXFrameworksBuildPhase section */

/* Begin PBXGroup section */
		1836318418AE9585000BCC35 /* classes */ = {
			isa = PBXGroup;
			children = (
				1836318518AE9585000BCC35 /* Common */,
				18535DD318AEA68F00A74A66 /* IAP */,
				18535DE018AEA6FE00A74A66 /* Data */,
			);
			path = classes;
			sourceTree = "<group>";
		};
		1836318518AE9585000BCC35 /* Common */ = {
			isa = PBXGroup;
			children = (
				18F89603199EC9ED00A6B4E6 /* FMDB */,
				18535DA118AEA5D500A74A66 /* Extension */,
				18535D9318AE9B4700A74A66 /* MBProgressHUD */,
				18535D8E18AE9B2700A74A66 /* DownloadManager */,
				183631EC18AE9586000BCC35 /* Reachability */,
				183631F518AE9586000BCC35 /* UtilHelper */,
			);
			path = Common;
			sourceTree = "<group>";
		};
		183631EC18AE9586000BCC35 /* Reachability */ = {
			isa = PBXGroup;
			children = (
				18DF7BBA19F5497600DB86F9 /* Reachability.h */,
				18DF7BBB19F5497600DB86F9 /* Reachability.m */,
			);
			path = Reachability;
			sourceTree = "<group>";
		};
		183631F518AE9586000BCC35 /* UtilHelper */ = {
			isa = PBXGroup;
			children = (
				183631F618AE9586000BCC35 /* UtilHelper.h */,
				183631F718AE9586000BCC35 /* UtilHelper.m */,
			);
			path = UtilHelper;
			sourceTree = "<group>";
		};
		1837E84018AE870900225DC5 = {
			isa = PBXGroup;
			children = (
				1837E84E18AE870900225DC5 /* HelperLibrary */,
				1837E84B18AE870900225DC5 /* Frameworks */,
				1837E84A18AE870900225DC5 /* Products */,
			);
			sourceTree = "<group>";
		};
		1837E84A18AE870900225DC5 /* Products */ = {
			isa = PBXGroup;
			children = (
				1837E84918AE870900225DC5 /* libHelperLibrary.a */,
			);
			name = Products;
			sourceTree = "<group>";
		};
		1837E84B18AE870900225DC5 /* Frameworks */ = {
			isa = PBXGroup;
			children = (
				186FAA6B18AEACC800B6FC26 /* CFNetwork.framework */,
				186FAA6918AEACBA00B6FC26 /* SystemConfiguration.framework */,
				1837E87218AE87CF00225DC5 /* UIKit.framework */,
				1837E84C18AE870900225DC5 /* Foundation.framework */,
				1837E85A18AE870900225DC5 /* XCTest.framework */,
			);
			name = Frameworks;
			sourceTree = "<group>";
		};
		1837E84E18AE870900225DC5 /* HelperLibrary */ = {
			isa = PBXGroup;
			children = (
				1836318418AE9585000BCC35 /* classes */,
				1837E84F18AE870900225DC5 /* Supporting Files */,
				186042DF19E736AF00323BB8 /* HelperLibrary.h */,
			);
			path = HelperLibrary;
			sourceTree = "<group>";
		};
		1837E84F18AE870900225DC5 /* Supporting Files */ = {
			isa = PBXGroup;
			children = (
				18D176FB1C07905900339EB9 /* Localizable.strings */,
				1837E85018AE870900225DC5 /* HelperLibrary-Prefix.pch */,
			);
			name = "Supporting Files";
			sourceTree = "<group>";
		};
		183AA78B199BDA1F0033B4BD /* NSDictionary */ = {
			isa = PBXGroup;
			children = (
				183AA78C199BDA1F0033B4BD /* NSDictionary+ObjectForKeyOverride.h */,
				183AA78D199BDA1F0033B4BD /* NSDictionary+ObjectForKeyOverride.m */,
			);
			path = NSDictionary;
			sourceTree = "<group>";
		};
		183AA796199BE8AD0033B4BD /* NSObject */ = {
			isa = PBXGroup;
			children = (
				183AA79B199BEB730033B4BD /* NSObject+Util.h */,
				183AA79C199BEB730033B4BD /* NSObject+Util.m */,
			);
			path = NSObject;
			sourceTree = "<group>";
		};
		18535D8E18AE9B2700A74A66 /* DownloadManager */ = {
			isa = PBXGroup;
			children = (
				18DF7BC119F56C4400DB86F9 /* DownloadManager.h */,
				18DF7BC219F56C4400DB86F9 /* DownloadManager.m */,
			);
			path = DownloadManager;
			sourceTree = "<group>";
		};
		18535D9318AE9B4700A74A66 /* MBProgressHUD */ = {
			isa = PBXGroup;
			children = (
				18535D9418AE9B4700A74A66 /* MBProgressHUD.h */,
				18535D9518AE9B4700A74A66 /* MBProgressHUD.m */,
			);
			path = MBProgressHUD;
			sourceTree = "<group>";
		};
		18535DA118AEA5D500A74A66 /* Extension */ = {
			isa = PBXGroup;
			children = (
				186DA3C019A24A6800BDC1EE /* UIAlertView */,
				183AA796199BE8AD0033B4BD /* NSObject */,
				183AA78B199BDA1F0033B4BD /* NSDictionary */,
				18FF39F519942F29000100F3 /* UIView */,
				189F1ABD18B25677002180E8 /* UIDevice */,
				18535DA218AEA5D500A74A66 /* NSData */,
				18B2ECAB18BBB26A00C5AC34 /* NSDate */,
				18535DA918AEA5D500A74A66 /* UIImage */,
				18B2ECC818BBD0E500C5AC34 /* UILabel */,
			);
			path = Extension;
			sourceTree = "<group>";
		};
		18535DA218AEA5D500A74A66 /* NSData */ = {
			isa = PBXGroup;
			children = (
				18535DA318AEA5D500A74A66 /* Encryption */,
			);
			path = NSData;
			sourceTree = "<group>";
		};
		18535DA318AEA5D500A74A66 /* Encryption */ = {
			isa = PBXGroup;
			children = (
				18535DA418AEA5D500A74A66 /* CommonCrypto */,
				18535DA718AEA5D500A74A66 /* NSData+Base64.h */,
				18535DA818AEA5D500A74A66 /* NSData+Base64.m */,
			);
			path = Encryption;
			sourceTree = "<group>";
		};
		18535DA418AEA5D500A74A66 /* CommonCrypto */ = {
			isa = PBXGroup;
			children = (
				18535DA518AEA5D500A74A66 /* NSData+CommonCrypto.h */,
				18535DA618AEA5D500A74A66 /* NSData+CommonCrypto.m */,
			);
			path = CommonCrypto;
			sourceTree = "<group>";
		};
		18535DA918AEA5D500A74A66 /* UIImage */ = {
			isa = PBXGroup;
			children = (
				18535DAA18AEA5D500A74A66 /* UIImage+Utilities.h */,
				18535DAB18AEA5D500A74A66 /* UIImage+Utilities.m */,
			);
			path = UIImage;
			sourceTree = "<group>";
		};
		18535DD318AEA68F00A74A66 /* IAP */ = {
			isa = PBXGroup;
			children = (
				1862DE4D1989E92F006913F9 /* InAppPurchaseManager.h */,
				1862DE4E1989E92F006913F9 /* InAppPurchaseManager.m */,
			);
			path = IAP;
			sourceTree = "<group>";
		};
		18535DE018AEA6FE00A74A66 /* Data */ = {
			isa = PBXGroup;
			children = (
				18F895FD199EC9CB00A6B4E6 /* DBBase.h */,
				18F895FE199EC9CB00A6B4E6 /* DBBase.m */,
				18F895FF199EC9CB00A6B4E6 /* DBConfigDefault.h */,
				18F89600199EC9CB00A6B4E6 /* DBConfigDefault.m */,
			);
			path = Data;
			sourceTree = "<group>";
		};
		186DA3C019A24A6800BDC1EE /* UIAlertView */ = {
			isa = PBXGroup;
			children = (
				186DA3C119A24A6800BDC1EE /* UIAlertView+CompleteBlock.h */,
				186DA3C219A24A6800BDC1EE /* UIAlertView+CompleteBlock.m */,
			);
			path = UIAlertView;
			sourceTree = "<group>";
		};
		189F1ABD18B25677002180E8 /* UIDevice */ = {
			isa = PBXGroup;
			children = (
				183AA7DC199C26B20033B4BD /* UIDevice+Hardware.h */,
				183AA7DD199C26B20033B4BD /* UIDevice+Hardware.m */,
			);
			path = UIDevice;
			sourceTree = "<group>";
		};
		18B2ECAB18BBB26A00C5AC34 /* NSDate */ = {
			isa = PBXGroup;
			children = (
				183F47E81AA79D5500A925F1 /* NSDate+Compare.h */,
				183F47E91AA79D5500A925F1 /* NSDate+Compare.m */,
			);
			path = NSDate;
			sourceTree = "<group>";
		};
		18B2ECC818BBD0E500C5AC34 /* UILabel */ = {
			isa = PBXGroup;
			children = (
				18B2ECC918BBD0E500C5AC34 /* TCCustomFont.m */,
			);
			path = UILabel;
			sourceTree = "<group>";
		};
		18F89603199EC9ED00A6B4E6 /* FMDB */ = {
			isa = PBXGroup;
			children = (
				18F89604199EC9ED00A6B4E6 /* FMDatabase.h */,
				18F89605199EC9ED00A6B4E6 /* FMDatabase.m */,
				18F89606199EC9ED00A6B4E6 /* FMDatabaseAdditions.h */,
				18F89607199EC9ED00A6B4E6 /* FMDatabaseAdditions.m */,
				18F89608199EC9ED00A6B4E6 /* FMDatabasePool.h */,
				18F89609199EC9ED00A6B4E6 /* FMDatabasePool.m */,
				18F8960A199EC9ED00A6B4E6 /* FMDatabaseQueue.h */,
				18F8960B199EC9ED00A6B4E6 /* FMDatabaseQueue.m */,
				18F8960C199EC9ED00A6B4E6 /* FMDB.h */,
				18F8960D199EC9ED00A6B4E6 /* FMResultSet.h */,
				18F8960E199EC9ED00A6B4E6 /* FMResultSet.m */,
			);
			path = FMDB;
			sourceTree = "<group>";
		};
		18FF39F519942F29000100F3 /* UIView */ = {
			isa = PBXGroup;
			children = (
				18FF39F619942F29000100F3 /* UIView+Util.h */,
				18FF39F719942F29000100F3 /* UIView+Util.m */,
			);
			path = UIView;
			sourceTree = "<group>";
		};
/* End PBXGroup section */

/* Begin PBXHeadersBuildPhase section */
		1835D56B19E714000000FA86 /* Headers */ = {
			isa = PBXHeadersBuildPhase;
			buildActionMask = 2147483647;
			files = (
				1860431F19E7439900323BB8 /* InAppPurchaseManager.h in Headers */,
				186042F419E73FFB00323BB8 /* DBConfigDefault.h in Headers */,
				186042F319E73FFB00323BB8 /* DBBase.h in Headers */,
				186042E319E73B6000323BB8 /* HelperLibrary.h in Headers */,
				186042E419E73B6800323BB8 /* UtilHelper.h in Headers */,
				186042F019E73FEF00323BB8 /* FMDatabasePool.h in Headers */,
				1860432219E743C300323BB8 /* UIAlertView+CompleteBlock.h in Headers */,
				186042F219E73FEF00323BB8 /* FMResultSet.h in Headers */,
				186042F719E740ED00323BB8 /* MBProgressHUD.h in Headers */,
				18DF7BC319F56C4400DB86F9 /* DownloadManager.h in Headers */,
				186042F819E7414100323BB8 /* NSObject+Util.h in Headers */,
				186042FA19E7416600323BB8 /* UIView+Util.h in Headers */,
				186042ED19E73FDB00323BB8 /* FMDB.h in Headers */,
				186042EE19E73FEF00323BB8 /* FMDatabase.h in Headers */,
				186042F919E7414E00323BB8 /* NSDictionary+ObjectForKeyOverride.h in Headers */,
				1860430119E7420B00323BB8 /* UIImage+Utilities.h in Headers */,
				186042FE19E741FE00323BB8 /* NSData+Base64.h in Headers */,
				186042EF19E73FEF00323BB8 /* FMDatabaseAdditions.h in Headers */,
				186042FB19E741A000323BB8 /* UIDevice+Hardware.h in Headers */,
				183F47EB1AA79D5500A925F1 /* NSDate+Compare.h in Headers */,
				186042FD19E741FE00323BB8 /* NSData+CommonCrypto.h in Headers */,
				186042F119E73FEF00323BB8 /* FMDatabaseQueue.h in Headers */,
				18DF7BBC19F5497600DB86F9 /* Reachability.h in Headers */,
			);
			runOnlyForDeploymentPostprocessing = 0;
		};
/* End PBXHeadersBuildPhase section */

/* Begin PBXNativeTarget section */
		1837E84818AE870900225DC5 /* HelperLibrary */ = {
			isa = PBXNativeTarget;
			buildConfigurationList = 1837E86C18AE870900225DC5 /* Build configuration list for PBXNativeTarget "HelperLibrary" */;
			buildPhases = (
				1837E84518AE870900225DC5 /* Sources */,
				1837E84618AE870900225DC5 /* Frameworks */,
				1837E84718AE870900225DC5 /* Copy Files */,
				1835D56B19E714000000FA86 /* Headers */,
				1835D58719E718620000FA86 /* Build Framework */,
			);
			buildRules = (
			);
			dependencies = (
			);
			name = HelperLibrary;
			productName = HelperLibrary;
			productReference = 1837E84918AE870900225DC5 /* libHelperLibrary.a */;
			productType = "com.apple.product-type.library.static";
		};
/* End PBXNativeTarget section */

/* Begin PBXProject section */
		1837E84118AE870900225DC5 /* Project object */ = {
			isa = PBXProject;
			attributes = {
				LastUpgradeCheck = 0510;
				ORGANIZATIONNAME = "Rondinelli Morais";
				TargetAttributes = {
					1835D58819E719410000FA86 = {
						CreatedOnToolsVersion = 6.0.1;
					};
					184150C019EF029800BCB541 = {
						CreatedOnToolsVersion = 6.0.1;
					};
				};
			};
			buildConfigurationList = 1837E84418AE870900225DC5 /* Build configuration list for PBXProject "HelperLibrary" */;
			compatibilityVersion = "Xcode 3.2";
			developmentRegion = English;
			hasScannedForEncodings = 0;
			knownRegions = (
				en,
				pt,
			);
			mainGroup = 1837E84018AE870900225DC5;
			productRefGroup = 1837E84A18AE870900225DC5 /* Products */;
			projectDirPath = "";
			projectRoot = "";
			targets = (
				1837E84818AE870900225DC5 /* HelperLibrary */,
				1835D58819E719410000FA86 /* Framework */,
				184150C019EF029800BCB541 /* Documentation */,
			);
		};
/* End PBXProject section */

/* Begin PBXShellScriptBuildPhase section */
		1835D58719E718620000FA86 /* Build Framework */ = {
			isa = PBXShellScriptBuildPhase;
			buildActionMask = 2147483647;
			files = (
			);
			inputPaths = (
			);
			name = "Build Framework";
			outputPaths = (
			);
			runOnlyForDeploymentPostprocessing = 0;
			shellPath = /bin/sh;
			shellScript = "set -e\n\nexport FRAMEWORK_LOCN=\"${BUILT_PRODUCTS_DIR}/${PRODUCT_NAME}.framework\"\n\n# Create the path to the real Headers die\nmkdir -p \"${FRAMEWORK_LOCN}/Versions/A/Headers\"\n\n# Create the required symlinks\n/bin/ln -sfh A \"${FRAMEWORK_LOCN}/Versions/Current\"\n/bin/ln -sfh Versions/Current/Headers \"${FRAMEWORK_LOCN}/Headers\"\n/bin/ln -sfh \"Versions/Current/${PRODUCT_NAME}\" \\\n\"${FRAMEWORK_LOCN}/${PRODUCT_NAME}\"\n\n# Copy the public headers into the framework\n/bin/cp -a \"${TARGET_BUILD_DIR}/${PUBLIC_HEADERS_FOLDER_PATH}/\" \"${FRAMEWORK_LOCN}/Versions/A/Headers\"";
		};
		1835D58E19E719650000FA86 /* MultiPlatform Build */ = {
			isa = PBXShellScriptBuildPhase;
			buildActionMask = 2147483647;
			files = (
			);
			inputPaths = (
			);
			name = "MultiPlatform Build";
			outputPaths = (
			);
			runOnlyForDeploymentPostprocessing = 0;
			shellPath = /bin/sh;
			shellScript = "set -e\n\n# If we're already inside this script then die\nif [ -n \"$MULTIPLATFORM_BUILD_IN_PROGRESS\" ]; then\nexit 0\nfi\nexport MULTIPLATFORM_BUILD_IN_PROGRESS=1\n\nFRAMEWORK_NAME=${PROJECT_NAME}\nINPUT_STATIC_LIB=\"lib${PROJECT_NAME}.a\"\nFRAMEWORK_LOCATION=\"${BUILT_PRODUCTS_DIR}/${FRAMEWORK_NAME}.framework\"\n\nfunction build_static_library {\n    # Will rebuild the static library as specified\n    #     build_static_library sdk\n    xcrun xcodebuild -project \"${PROJECT_FILE_PATH}\" \\\n    -target \"${TARGET_NAME}\" \\\n    -configuration \"${CONFIGURATION}\" \\\n    -sdk \"${1}\" \\\n    ONLY_ACTIVE_ARCH=NO \\\n    BUILD_DIR=\"${BUILD_DIR}\" \\\n    OBJROOT=\"${OBJROOT}\" \\\n    BUILD_ROOT=\"${BUILD_ROOT}\" \\\n    SYMROOT=\"${SYMROOT}\" $ACTION\n}\n\nfunction make_fat_library {\n    # Will smash 2 static libs together\n    #     make_fat_library in1 in2 out\n    xcrun lipo -create \"${1}\" \"${2}\" -output \"${3}\"\n}\n\n# 1 - Extract the platform (iphoneos/iphonesimulator) from the SDK name\nif [[ \"$SDK_NAME\" =~ ([A-Za-z]+) ]]; then\nSDK_PLATFORM=${BASH_REMATCH[1]}\nelse\necho \"Could not find platform name from SDK_NAME: $SDK_NAME\"\nexit 1\nfi\n\n# 2 - Extract the version from the SDK\nif [[ \"$SDK_NAME\" =~ ([0-9]+.*$) ]]; then\nSDK_VERSION=${BASH_REMATCH[1]}\nelse\necho \"Could not find sdk version from SDK_NAME: $SDK_NAME\"\nexit 1\nfi\n\n# 3 - Determine the other platform\nif [ \"$SDK_PLATFORM\" == \"iphoneos\" ]; then\nOTHER_PLATFORM=iphonesimulator\nelse\nOTHER_PLATFORM=iphoneos\nfi\n\n# 4 - Find the build directory\nif [[ \"$BUILT_PRODUCTS_DIR\" =~ (.*)$SDK_PLATFORM$ ]]; then\nOTHER_BUILT_PRODUCTS_DIR=\"${BASH_REMATCH[1]}${OTHER_PLATFORM}\"\nelse\necho \"Could not find other platform build directory.\"\nexit 1\nfi\n\n# Build the other platform.\nbuild_static_library \"${OTHER_PLATFORM}${SDK_VERSION}\"\n\n# If we're currently building for iphonesimulator, then need to rebuild\n#   to ensure that we get both i386 and x86_64\nif [ \"$SDK_PLATFORM\" == \"iphonesimulator\" ]; then\nbuild_static_library \"${SDK_NAME}\"\nfi\n\n# Join the 2 static libs into 1 and push into the .framework\nmake_fat_library \"${BUILT_PRODUCTS_DIR}/${INPUT_STATIC_LIB}\" \\\n\"${OTHER_BUILT_PRODUCTS_DIR}/${INPUT_STATIC_LIB}\" \\\n\"${FRAMEWORK_LOCATION}/Versions/A/${FRAMEWORK_NAME}\"\n\n# Ensure that the framework is present in both platform's build directories\ncp -a \"${FRAMEWORK_LOCATION}/Versions/A/${FRAMEWORK_NAME}\" \\\n\"${OTHER_BUILT_PRODUCTS_DIR}/${FRAMEWORK_NAME}.framework/Versions/A/${FRAMEWORK_NAME}\"\n\n# Copy the framework to the user's desktop\nditto \"${FRAMEWORK_LOCATION}\" \"${PROJECT_DIR}/Frameworks/${FRAMEWORK_NAME}.framework\"\n";
		};
		184150C419EF02B200BCB541 /* ShellScript */ = {
			isa = PBXShellScriptBuildPhase;
			buildActionMask = 2147483647;
			files = (
			);
			inputPaths = (
			);
			outputPaths = (
			);
			runOnlyForDeploymentPostprocessing = 0;
			shellPath = /bin/sh;
			shellScript = "#appledoc Xcode script\n# Start constants\ncompany=\"rondinellimorais\";\ncompanyID=\"br.com.rondinellimorais\";\ncompanyURL=\"https://twitter.com/rondmorais\";\ntarget=\"iphoneos\";\n#target=\"macosx\";\noutputPath=\"${PROJECT_DIR}/documentation\";\n# End constants\n/usr/bin/appledoc \\\n--project-name \"${PROJECT_NAME}\" \\\n--project-company \"Rondinelli Morais\" \\\n--company-id \"${companyID}\" \\\n--docset-atom-filename \"${company}.atom\" \\\n--docset-feed-url \"${companyURL}/${company}/%DOCSETATOMFILENAME\" \\\n--docset-package-url \"${companyURL}/${company}/%DOCSETPACKAGEFILENAME\" \\\n--docset-fallback-url \"${companyURL}/${company}\" \\\n--output \"${outputPath}\" \\\n--publish-docset \\\n--ignore .m \\\n--keep-undocumented-objects \\\n--keep-undocumented-members \\\n--search-undocumented-doc \\\n--docset-platform-family \"${target}\" \\\n--logformat xcode \\\n--keep-intermediate-files \\\n--no-repeat-first-par \\\n--no-warn-invalid-crossref \\\n--exit-threshold 2 \\\n\"${PROJECT_DIR}\"\n";
		};
/* End PBXShellScriptBuildPhase section */

/* Begin PBXSourcesBuildPhase section */
		1837E84518AE870900225DC5 /* Sources */ = {
			isa = PBXSourcesBuildPhase;
			buildActionMask = 2147483647;
			files = (
				183AA78E199BDA1F0033B4BD /* NSDictionary+ObjectForKeyOverride.m in Sources */,
				18F89601199EC9CB00A6B4E6 /* DBBase.m in Sources */,
				1836324E18AE9586000BCC35 /* UtilHelper.m in Sources */,
				18535D9618AE9B4700A74A66 /* MBProgressHUD.m in Sources */,
				183AA7DE199C26B20033B4BD /* UIDevice+Hardware.m in Sources */,
				1862DE4F1989E92F006913F9 /* InAppPurchaseManager.m in Sources */,
				18FF39F819942F29000100F3 /* UIView+Util.m in Sources */,
				188D0F7219E72C9E0081B713 /* TCCustomFont.m in Sources */,
				18F89615199EC9ED00A6B4E6 /* FMDatabaseQueue.m in Sources */,
				183AA79D199BEB730033B4BD /* NSObject+Util.m in Sources */,
				18F89613199EC9ED00A6B4E6 /* FMDatabasePool.m in Sources */,
				18535DAF18AEA5D500A74A66 /* NSData+CommonCrypto.m in Sources */,
				18F89602199EC9CB00A6B4E6 /* DBConfigDefault.m in Sources */,
				18F89611199EC9ED00A6B4E6 /* FMDatabaseAdditions.m in Sources */,
				18F89617199EC9ED00A6B4E6 /* FMResultSet.m in Sources */,
				18DF7BBD19F5497600DB86F9 /* Reachability.m in Sources */,
				183F47EC1AA79D5500A925F1 /* NSDate+Compare.m in Sources */,
				18F8960F199EC9ED00A6B4E6 /* FMDatabase.m in Sources */,
				186DA3C319A24A6800BDC1EE /* UIAlertView+CompleteBlock.m in Sources */,
				18535DB318AEA5D500A74A66 /* UIImage+Utilities.m in Sources */,
				18535DB118AEA5D500A74A66 /* NSData+Base64.m in Sources */,
				18DF7BC419F56C4400DB86F9 /* DownloadManager.m in Sources */,
			);
			runOnlyForDeploymentPostprocessing = 0;
		};
/* End PBXSourcesBuildPhase section */

/* Begin PBXTargetDependency section */
		1835D58D19E7194D0000FA86 /* PBXTargetDependency */ = {
			isa = PBXTargetDependency;
			target = 1837E84818AE870900225DC5 /* HelperLibrary */;
			targetProxy = 1835D58C19E7194D0000FA86 /* PBXContainerItemProxy */;
		};
/* End PBXTargetDependency section */

/* Begin PBXVariantGroup section */
		18D176FB1C07905900339EB9 /* Localizable.strings */ = {
			isa = PBXVariantGroup;
			children = (
				18D176FA1C07905900339EB9 /* en */,
				18D176FC1C07905A00339EB9 /* pt */,
			);
			name = Localizable.strings;
			sourceTree = "<group>";
		};
/* End PBXVariantGroup section */

/* Begin XCBuildConfiguration section */
		1835D58A19E719410000FA86 /* Debug */ = {
			isa = XCBuildConfiguration;
			buildSettings = {
				PRODUCT_NAME = "$(TARGET_NAME)";
			};
			name = Debug;
		};
		1835D58B19E719410000FA86 /* Release */ = {
			isa = XCBuildConfiguration;
			buildSettings = {
				PRODUCT_NAME = "$(TARGET_NAME)";
			};
			name = Release;
		};
		1837E86A18AE870900225DC5 /* Debug */ = {
			isa = XCBuildConfiguration;
			buildSettings = {
				ALWAYS_SEARCH_USER_PATHS = NO;
				CLANG_CXX_LANGUAGE_STANDARD = "gnu++0x";
				CLANG_CXX_LIBRARY = "libc++";
				CLANG_ENABLE_MODULES = YES;
				CLANG_ENABLE_OBJC_ARC = YES;
				CLANG_WARN_BOOL_CONVERSION = YES;
				CLANG_WARN_CONSTANT_CONVERSION = YES;
				CLANG_WARN_DIRECT_OBJC_ISA_USAGE = YES_ERROR;
				CLANG_WARN_EMPTY_BODY = YES;
				CLANG_WARN_ENUM_CONVERSION = YES;
				CLANG_WARN_INT_CONVERSION = YES;
				CLANG_WARN_OBJC_ROOT_CLASS = YES_ERROR;
				CLANG_WARN__DUPLICATE_METHOD_MATCH = YES;
				COPY_PHASE_STRIP = NO;
				GCC_C_LANGUAGE_STANDARD = gnu99;
				GCC_DYNAMIC_NO_PIC = NO;
				GCC_OPTIMIZATION_LEVEL = 0;
				GCC_PREPROCESSOR_DEFINITIONS = (
					"DEBUG=1",
					"$(inherited)",
				);
				GCC_SYMBOLS_PRIVATE_EXTERN = NO;
				GCC_WARN_64_TO_32_BIT_CONVERSION = YES;
				GCC_WARN_ABOUT_RETURN_TYPE = YES_ERROR;
				GCC_WARN_UNDECLARED_SELECTOR = YES;
				GCC_WARN_UNINITIALIZED_AUTOS = YES;
				GCC_WARN_UNUSED_FUNCTION = YES;
				GCC_WARN_UNUSED_VARIABLE = YES;
				IPHONEOS_DEPLOYMENT_TARGET = 8.0;
				ONLY_ACTIVE_ARCH = YES;
				SDKROOT = iphoneos;
			};
			name = Debug;
		};
		1837E86B18AE870900225DC5 /* Release */ = {
			isa = XCBuildConfiguration;
			buildSettings = {
				ALWAYS_SEARCH_USER_PATHS = NO;
				CLANG_CXX_LANGUAGE_STANDARD = "gnu++0x";
				CLANG_CXX_LIBRARY = "libc++";
				CLANG_ENABLE_MODULES = YES;
				CLANG_ENABLE_OBJC_ARC = YES;
				CLANG_WARN_BOOL_CONVERSION = YES;
				CLANG_WARN_CONSTANT_CONVERSION = YES;
				CLANG_WARN_DIRECT_OBJC_ISA_USAGE = YES_ERROR;
				CLANG_WARN_EMPTY_BODY = YES;
				CLANG_WARN_ENUM_CONVERSION = YES;
				CLANG_WARN_INT_CONVERSION = YES;
				CLANG_WARN_OBJC_ROOT_CLASS = YES_ERROR;
				CLANG_WARN__DUPLICATE_METHOD_MATCH = YES;
				COPY_PHASE_STRIP = YES;
				ENABLE_NS_ASSERTIONS = NO;
				GCC_C_LANGUAGE_STANDARD = gnu99;
				GCC_WARN_64_TO_32_BIT_CONVERSION = YES;
				GCC_WARN_ABOUT_RETURN_TYPE = YES_ERROR;
				GCC_WARN_UNDECLARED_SELECTOR = YES;
				GCC_WARN_UNINITIALIZED_AUTOS = YES;
				GCC_WARN_UNUSED_FUNCTION = YES;
				GCC_WARN_UNUSED_VARIABLE = YES;
				IPHONEOS_DEPLOYMENT_TARGET = 8.0;
				SDKROOT = iphoneos;
				VALIDATE_PRODUCT = YES;
			};
			name = Release;
		};
		1837E86D18AE870900225DC5 /* Debug */ = {
			isa = XCBuildConfiguration;
			buildSettings = {
				COPY_PHASE_STRIP = NO;
				DEAD_CODE_STRIPPING = NO;
				DSTROOT = /tmp/HelperLibrary.dst;
				GCC_PRECOMPILE_PREFIX_HEADER = YES;
				GCC_PREFIX_HEADER = "HelperLibrary/HelperLibrary-Prefix.pch";
				LIBRARY_SEARCH_PATHS = (
					"$(inherited)",
					/Users/rondinellimorais/Desktop/PROJETOS/ProjetosDeTestes/HelperLibrary/HelperLibrary/classes/Common/XMPP/Vendor/libidn,
				);
				ONLY_ACTIVE_ARCH = NO;
				OTHER_LDFLAGS = "-ObjC";
				PRODUCT_NAME = "$(TARGET_NAME)";
				PUBLIC_HEADERS_FOLDER_PATH = "include/$(PROJECT_NAME)";
				SKIP_INSTALL = YES;
				STRIP_STYLE = "non-global";
			};
			name = Debug;
		};
		1837E86E18AE870900225DC5 /* Release */ = {
			isa = XCBuildConfiguration;
			buildSettings = {
				COPY_PHASE_STRIP = NO;
				DEAD_CODE_STRIPPING = NO;
				DSTROOT = /tmp/HelperLibrary.dst;
				GCC_PRECOMPILE_PREFIX_HEADER = YES;
				GCC_PREFIX_HEADER = "HelperLibrary/HelperLibrary-Prefix.pch";
				LIBRARY_SEARCH_PATHS = (
					"$(inherited)",
					/Users/rondinellimorais/Desktop/PROJETOS/ProjetosDeTestes/HelperLibrary/HelperLibrary/classes/Common/XMPP/Vendor/libidn,
				);
				ONLY_ACTIVE_ARCH = NO;
				OTHER_LDFLAGS = "-ObjC";
				PRODUCT_NAME = "$(TARGET_NAME)";
				PUBLIC_HEADERS_FOLDER_PATH = "include/$(PROJECT_NAME)";
				SKIP_INSTALL = YES;
				STRIP_STYLE = "non-global";
			};
			name = Release;
		};
		184150C119EF029800BCB541 /* Debug */ = {
			isa = XCBuildConfiguration;
			buildSettings = {
				PRODUCT_NAME = "$(TARGET_NAME)";
			};
			name = Debug;
		};
		184150C219EF029800BCB541 /* Release */ = {
			isa = XCBuildConfiguration;
			buildSettings = {
				PRODUCT_NAME = "$(TARGET_NAME)";
			};
			name = Release;
		};
/* End XCBuildConfiguration section */

/* Begin XCConfigurationList section */
		1835D58919E719410000FA86 /* Build configuration list for PBXAggregateTarget "Framework" */ = {
			isa = XCConfigurationList;
			buildConfigurations = (
				1835D58A19E719410000FA86 /* Debug */,
				1835D58B19E719410000FA86 /* Release */,
			);
			defaultConfigurationIsVisible = 0;
			defaultConfigurationName = Release;
		};
		1837E84418AE870900225DC5 /* Build configuration list for PBXProject "HelperLibrary" */ = {
			isa = XCConfigurationList;
			buildConfigurations = (
				1837E86A18AE870900225DC5 /* Debug */,
				1837E86B18AE870900225DC5 /* Release */,
			);
			defaultConfigurationIsVisible = 0;
			defaultConfigurationName = Release;
		};
		1837E86C18AE870900225DC5 /* Build configuration list for PBXNativeTarget "HelperLibrary" */ = {
			isa = XCConfigurationList;
			buildConfigurations = (
				1837E86D18AE870900225DC5 /* Debug */,
				1837E86E18AE870900225DC5 /* Release */,
			);
			defaultConfigurationIsVisible = 0;
			defaultConfigurationName = Release;
		};
		184150C319EF029800BCB541 /* Build configuration list for PBXAggregateTarget "Documentation" */ = {
			isa = XCConfigurationList;
			buildConfigurations = (
				184150C119EF029800BCB541 /* Debug */,
				184150C219EF029800BCB541 /* Release */,
			);
			defaultConfigurationIsVisible = 0;
			defaultConfigurationName = Release;
		};
/* End XCConfigurationList section */
	};
	rootObject = 1837E84118AE870900225DC5 /* Project object */;
}
